{
  "name": "shunko",
  "version": "2.0.0",
  "lockfileVersion": 3,
  "requires": true,
  "packages": {
    "": {
      "name": "shunko",
      "version": "2.0.0",
      "license": "ISC",
      "dependencies": {
        "shoukaku": "^4.0.1",
        "undici": "^5.28.1"
      }
    },
    "node_modules/@fastify/busboy": {
      "version": "2.1.0",
      "resolved": "https://registry.npmjs.org/@fastify/busboy/-/busboy-2.1.0.tgz",
      "integrity": "sha512-+KpH+QxZU7O4675t3mnkQKcZZg56u+K/Ct2K+N2AZYNVK8kyeo/bI18tI8aPm3tvNNRyTWfj6s5tnGNlcbQRsA==",
      "engines": {
        "node": ">=14"
      }
    },
    "node_modules/shoukaku": {
      "version": "4.0.1",
      "resolved": "https://registry.npmjs.org/shoukaku/-/shoukaku-4.0.1.tgz",
      "integrity": "sha512-+Y94AnUFabCkE8O2Y3MSfnVmiiQ1MMVK/DO962Q23KPTWJkuqs+S/CPRQSOPWqo+ISq7teVxGJsSapwnJOrFgQ==",
      "dependencies": {
        "ws": "^8.14.2"
      },
      "engines": {
        "node": ">=18.0.0",
        "npm": ">=7.0.0"
      }
    },
    "node_modules/undici": {
      "version": "5.28.1",
      "resolved": "https://registry.npmjs.org/undici/-/undici-5.28.1.tgz",
      "integrity": "sha512-xcIIvj1LOQH9zAL54iWFkuDEaIVEjLrru7qRpa3GrEEHk6OBhb/LycuUY2m7VCcTuDeLziXCxobQVyKExyGeIA==",
      "dependencies": {
        "@fastify/busboy": "^2.0.0"
      },
      "engines": {
        "node": ">=14.0"
      }
    },
    "node_modules/ws": {
      "version": "8.14.2",
      "resolved": "https://registry.npmjs.org/ws/-/ws-8.14.2.tgz",
      "integrity": "sha512-wEBG1ftX4jcglPxgFCMJmZ2PLtSbJ2Peg6TmpJFTbe9GZYOQCDPdMYu/Tm0/bGZkw8paZnJY45J4K2PZrLYq8g==",
      "engines": {
        "node": ">=10.0.0"
      },
      "peerDependencies": {
        "bufferutil": "^4.0.1",
        "utf-8-validate": ">=5.0.2"
      },
      "peerDependenciesMeta": {
        "bufferutil": {
          "optional": true
        },
        "utf-8-validate": {
          "optional": true
        }
      }
    }
  }
}
